
Microsoft Visual Studio Solution File, Format Version 12.00
# Visual Studio Version 17
VisualStudioVersion = 17.4.33122.133
MinimumVisualStudioVersion = 10.0.40219.1
Project("{9A19103F-16F7-4668-BE54-9A1E7A4F7556}") = "Permutations", "Permutations\Permutations.csproj", "{008327BD-BB9A-4036-A1E3-F4E32C1B3EFF}"
EndProject
Project("{FAE04EC0-301F-11D3-BF4B-00C04F79EFBC}") = "Range Extraction", "Range Extraction\Range Extraction.csproj", "{893714CE-E01B-48BD-8E99-9F725C54DEBC}"
EndProject
Project("{FAE04EC0-301F-11D3-BF4B-00C04F79EFBC}") = "Delete occurrences of an element if it occurs more than n times", "Delete occurrences of an element if it occurs more than n times\Delete occurrences of an element if it occurs more than n times.csproj", "{0C713CB8-D756-4CD7-AF7D-5F832F660040}"
EndProject
Project("{FAE04EC0-301F-11D3-BF4B-00C04F79EFBC}") = "Product of consecutive Fib numbers", "Product of consecutive Fib numbers\Product of consecutive Fib numbers.csproj", "{B6287758-437A-4364-B364-1C192A14CA57}"
EndProject
Project("{FAE04EC0-301F-11D3-BF4B-00C04F79EFBC}") = "First non-repeating character", "First non-repeating character\First non-repeating character.csproj", "{5706E863-8DE7-4E68-A86E-E6E042D0605D}"
EndProject
Project("{FAE04EC0-301F-11D3-BF4B-00C04F79EFBC}") = "Roman Numerals Decoder", "Roman Numerals Decoder\Roman Numerals Decoder.csproj", "{52891D20-7D7E-469F-8502-CB356852F06E}"
EndProject
Project("{FAE04EC0-301F-11D3-BF4B-00C04F79EFBC}") = "Replace With Alphabet Position", "Replace With Alphabet Position\Replace With Alphabet Position.csproj", "{2C9157EC-40D7-4627-9BB5-34367BE5F483}"
EndProject
Project("{FAE04EC0-301F-11D3-BF4B-00C04F79EFBC}") = "Count characters in your string", "Count characters in your string\Count characters in your string.csproj", "{871052E8-52EE-4E87-831A-FB5BDE1762CD}"
EndProject
Project("{FAE04EC0-301F-11D3-BF4B-00C04F79EFBC}") = "RGB To Hex Conversion", "RGB To Hex Conversion\RGB To Hex Conversion.csproj", "{580AEC04-E6FD-448B-928D-1FE64DDCE09A}"
EndProject
Project("{FAE04EC0-301F-11D3-BF4B-00C04F79EFBC}") = "Tribonacci Sequence", "Tribonacci Sequence\Tribonacci Sequence.csproj", "{DD75CFD4-B2D8-4694-BFBF-2DCA130B2236}"
EndProject
Global
	GlobalSection(SolutionConfigurationPlatforms) = preSolution
		Debug|Any CPU = Debug|Any CPU
		Release|Any CPU = Release|Any CPU
	EndGlobalSection
	GlobalSection(ProjectConfigurationPlatforms) = postSolution
		{008327BD-BB9A-4036-A1E3-F4E32C1B3EFF}.Debug|Any CPU.ActiveCfg = Debug|Any CPU
		{008327BD-BB9A-4036-A1E3-F4E32C1B3EFF}.Debug|Any CPU.Build.0 = Debug|Any CPU
		{008327BD-BB9A-4036-A1E3-F4E32C1B3EFF}.Release|Any CPU.ActiveCfg = Release|Any CPU
		{008327BD-BB9A-4036-A1E3-F4E32C1B3EFF}.Release|Any CPU.Build.0 = Release|Any CPU
		{893714CE-E01B-48BD-8E99-9F725C54DEBC}.Debug|Any CPU.ActiveCfg = Debug|Any CPU
		{893714CE-E01B-48BD-8E99-9F725C54DEBC}.Debug|Any CPU.Build.0 = Debug|Any CPU
		{893714CE-E01B-48BD-8E99-9F725C54DEBC}.Release|Any CPU.ActiveCfg = Release|Any CPU
		{893714CE-E01B-48BD-8E99-9F725C54DEBC}.Release|Any CPU.Build.0 = Release|Any CPU
		{0C713CB8-D756-4CD7-AF7D-5F832F660040}.Debug|Any CPU.ActiveCfg = Debug|Any CPU
		{0C713CB8-D756-4CD7-AF7D-5F832F660040}.Debug|Any CPU.Build.0 = Debug|Any CPU
		{0C713CB8-D756-4CD7-AF7D-5F832F660040}.Release|Any CPU.ActiveCfg = Release|Any CPU
		{0C713CB8-D756-4CD7-AF7D-5F832F660040}.Release|Any CPU.Build.0 = Release|Any CPU
		{B6287758-437A-4364-B364-1C192A14CA57}.Debug|Any CPU.ActiveCfg = Debug|Any CPU
		{B6287758-437A-4364-B364-1C192A14CA57}.Debug|Any CPU.Build.0 = Debug|Any CPU
		{B6287758-437A-4364-B364-1C192A14CA57}.Release|Any CPU.ActiveCfg = Release|Any CPU
		{B6287758-437A-4364-B364-1C192A14CA57}.Release|Any CPU.Build.0 = Release|Any CPU
		{5706E863-8DE7-4E68-A86E-E6E042D0605D}.Debug|Any CPU.ActiveCfg = Debug|Any CPU
		{5706E863-8DE7-4E68-A86E-E6E042D0605D}.Debug|Any CPU.Build.0 = Debug|Any CPU
		{5706E863-8DE7-4E68-A86E-E6E042D0605D}.Release|Any CPU.ActiveCfg = Release|Any CPU
		{5706E863-8DE7-4E68-A86E-E6E042D0605D}.Release|Any CPU.Build.0 = Release|Any CPU
		{52891D20-7D7E-469F-8502-CB356852F06E}.Debug|Any CPU.ActiveCfg = Debug|Any CPU
		{52891D20-7D7E-469F-8502-CB356852F06E}.Debug|Any CPU.Build.0 = Debug|Any CPU
		{52891D20-7D7E-469F-8502-CB356852F06E}.Release|Any CPU.ActiveCfg = Release|Any CPU
		{52891D20-7D7E-469F-8502-CB356852F06E}.Release|Any CPU.Build.0 = Release|Any CPU
		{2C9157EC-40D7-4627-9BB5-34367BE5F483}.Debug|Any CPU.ActiveCfg = Debug|Any CPU
		{2C9157EC-40D7-4627-9BB5-34367BE5F483}.Debug|Any CPU.Build.0 = Debug|Any CPU
		{2C9157EC-40D7-4627-9BB5-34367BE5F483}.Release|Any CPU.ActiveCfg = Release|Any CPU
		{2C9157EC-40D7-4627-9BB5-34367BE5F483}.Release|Any CPU.Build.0 = Release|Any CPU
		{871052E8-52EE-4E87-831A-FB5BDE1762CD}.Debug|Any CPU.ActiveCfg = Debug|Any CPU
		{871052E8-52EE-4E87-831A-FB5BDE1762CD}.Debug|Any CPU.Build.0 = Debug|Any CPU
		{871052E8-52EE-4E87-831A-FB5BDE1762CD}.Release|Any CPU.ActiveCfg = Release|Any CPU
		{871052E8-52EE-4E87-831A-FB5BDE1762CD}.Release|Any CPU.Build.0 = Release|Any CPU
		{580AEC04-E6FD-448B-928D-1FE64DDCE09A}.Debug|Any CPU.ActiveCfg = Debug|Any CPU
		{580AEC04-E6FD-448B-928D-1FE64DDCE09A}.Debug|Any CPU.Build.0 = Debug|Any CPU
		{580AEC04-E6FD-448B-928D-1FE64DDCE09A}.Release|Any CPU.ActiveCfg = Release|Any CPU
		{580AEC04-E6FD-448B-928D-1FE64DDCE09A}.Release|Any CPU.Build.0 = Release|Any CPU
		{DD75CFD4-B2D8-4694-BFBF-2DCA130B2236}.Debug|Any CPU.ActiveCfg = Debug|Any CPU
		{DD75CFD4-B2D8-4694-BFBF-2DCA130B2236}.Debug|Any CPU.Build.0 = Debug|Any CPU
		{DD75CFD4-B2D8-4694-BFBF-2DCA130B2236}.Release|Any CPU.ActiveCfg = Release|Any CPU
		{DD75CFD4-B2D8-4694-BFBF-2DCA130B2236}.Release|Any CPU.Build.0 = Release|Any CPU
	EndGlobalSection
	GlobalSection(SolutionProperties) = preSolution
		HideSolutionNode = FALSE
	EndGlobalSection
	GlobalSection(ExtensibilityGlobals) = postSolution
		SolutionGuid = {3A3FBAE0-62EC-4D2A-99BE-42702E24E26E}
	EndGlobalSection
EndGlobal
