
Microsoft Visual Studio Solution File, Format Version 12.00
# Visual Studio Version 17
VisualStudioVersion = 17.4.33122.133
MinimumVisualStudioVersion = 10.0.40219.1
Project("{9A19103F-16F7-4668-BE54-9A1E7A4F7556}") = "Permutations", "Permutations\Permutations.csproj", "{008327BD-BB9A-4036-A1E3-F4E32C1B3EFF}"
EndProject
Project("{9A19103F-16F7-4668-BE54-9A1E7A4F7556}") = "Range Extraction", "Range Extraction\Range Extraction.csproj", "{893714CE-E01B-48BD-8E99-9F725C54DEBC}"
EndProject
Project("{9A19103F-16F7-4668-BE54-9A1E7A4F7556}") = "Delete occurrences of an element if it occurs more than n times", "Delete occurrences of an element if it occurs more than n times\Delete occurrences of an element if it occurs more than n times.csproj", "{0C713CB8-D756-4CD7-AF7D-5F832F660040}"
EndProject
Project("{9A19103F-16F7-4668-BE54-9A1E7A4F7556}") = "Product of consecutive Fib numbers", "Product of consecutive Fib numbers\Product of consecutive Fib numbers.csproj", "{B6287758-437A-4364-B364-1C192A14CA57}"
EndProject
Project("{9A19103F-16F7-4668-BE54-9A1E7A4F7556}") = "First non-repeating character", "First non-repeating character\First non-repeating character.csproj", "{5706E863-8DE7-4E68-A86E-E6E042D0605D}"
EndProject
Project("{9A19103F-16F7-4668-BE54-9A1E7A4F7556}") = "Roman Numerals Decoder", "Roman Numerals Decoder\Roman Numerals Decoder.csproj", "{52891D20-7D7E-469F-8502-CB356852F06E}"
EndProject
Project("{9A19103F-16F7-4668-BE54-9A1E7A4F7556}") = "Replace With Alphabet Position", "Replace With Alphabet Position\Replace With Alphabet Position.csproj", "{2C9157EC-40D7-4627-9BB5-34367BE5F483}"
EndProject
Project("{9A19103F-16F7-4668-BE54-9A1E7A4F7556}") = "Count characters in your string", "Count characters in your string\Count characters in your string.csproj", "{871052E8-52EE-4E87-831A-FB5BDE1762CD}"
EndProject
Project("{9A19103F-16F7-4668-BE54-9A1E7A4F7556}") = "RGB To Hex Conversion", "RGB To Hex Conversion\RGB To Hex Conversion.csproj", "{580AEC04-E6FD-448B-928D-1FE64DDCE09A}"
EndProject
Project("{9A19103F-16F7-4668-BE54-9A1E7A4F7556}") = "Tribonacci Sequence", "Tribonacci Sequence\Tribonacci Sequence.csproj", "{DD75CFD4-B2D8-4694-BFBF-2DCA130B2236}"
EndProject
Project("{9A19103F-16F7-4668-BE54-9A1E7A4F7556}") = "Find The Parity Outlier", "Find The Parity Outlier\Find The Parity Outlier.csproj", "{9675ACE5-5636-4859-B12C-27D087CD4260}"
EndProject
Project("{9A19103F-16F7-4668-BE54-9A1E7A4F7556}") = "Vowel Count", "Vowel Count\Vowel Count.csproj", "{8507ADBA-CC1D-4797-84F6-CABEE2E29AE5}"
EndProject
Project("{9A19103F-16F7-4668-BE54-9A1E7A4F7556}") = "Who likes it", "Who likes it\Who likes it.csproj", "{79E2118A-55A8-44DF-A341-DEDF2636A260}"
EndProject
Project("{9A19103F-16F7-4668-BE54-9A1E7A4F7556}") = "Remove the minimum", "Remove the minimum\Remove the minimum.csproj", "{6A57AF8E-1667-47AC-A26C-79A66644BC79}"
EndProject
Project("{9A19103F-16F7-4668-BE54-9A1E7A4F7556}") = "Pick peaks", "Pick peaks\Pick peaks.csproj", "{4B7308BC-0E2C-4ACB-8D4E-AA062E5B583C}"
EndProject
Project("{9A19103F-16F7-4668-BE54-9A1E7A4F7556}") = "Josephus Permutation", "Josephus Permutation\Josephus Permutation.csproj", "{F6C91982-F79F-47BC-9839-F0ADBD9D327F}"
EndProject
Project("{9A19103F-16F7-4668-BE54-9A1E7A4F7556}") = "Validate Sudoku with size NxN", "Validate Sudoku with size NxN\Validate Sudoku with size NxN.csproj", "{4B69B1FA-0274-429C-8CAA-A1C6AEED8981}"
EndProject
Project("{9A19103F-16F7-4668-BE54-9A1E7A4F7556}") = "Pyramid Slide Down", "Pyramid Slide Down\Pyramid Slide Down.csproj", "{8EB468E8-869F-46FE-96DD-5C2A0E939DD2}"
EndProject
Project("{9A19103F-16F7-4668-BE54-9A1E7A4F7556}") = "Breadcrumb Generator", "Breadcrumb Generator\Breadcrumb Generator.csproj", "{D40BF3C7-4BAB-4CAD-BCB8-6F8B09178A6C}"
EndProject
Project("{9A19103F-16F7-4668-BE54-9A1E7A4F7556}") = "4 By 4 Skyscrapers", "4 By 4 Skyscrapers\4 By 4 Skyscrapers.csproj", "{B2555B85-D177-4CB5-BA82-0A8B15B69D61}"
EndProject
Project("{9A19103F-16F7-4668-BE54-9A1E7A4F7556}") = "Roman Numerals Helper", "Roman Numerals Helper\Roman Numerals Helper.csproj", "{CF5314A3-0231-481B-8749-8123AD853E22}"
EndProject
Project("{9A19103F-16F7-4668-BE54-9A1E7A4F7556}") = "Human readable duration format", "Human readable duration format\Human readable duration format.csproj", "{3DF40A6A-2115-40FD-A999-B0D11EFC5BC5}"
EndProject
Project("{9A19103F-16F7-4668-BE54-9A1E7A4F7556}") = "All Balanced Parentheses", "All Balanced Parentheses\All Balanced Parentheses.csproj", "{E5B3A42E-B0AD-4E98-B38F-C389DBA1A260}"
EndProject
Project("{9A19103F-16F7-4668-BE54-9A1E7A4F7556}") = "Ranking Poker Hands", "Ranking Poker Hands\Ranking Poker Hands.csproj", "{D3C0980C-59AC-4E82-BDFE-8118291BF474}"
EndProject
Project("{9A19103F-16F7-4668-BE54-9A1E7A4F7556}") = "Make a spiral", "Make a spiral\Make a spiral.csproj", "{788B951A-A46D-4032-8BDA-941AE7039A23}"
EndProject
Project("{9A19103F-16F7-4668-BE54-9A1E7A4F7556}") = "Josephus Survivor", "Josephus Survivor\Josephus Survivor.csproj", "{D83110A7-ECC3-4336-9266-9D9320E6E740}"
EndProject
Project("{9A19103F-16F7-4668-BE54-9A1E7A4F7556}") = "Prime Streaming (PG-13)", "Prime Streaming (PG-13)\Prime Streaming (PG-13).csproj", "{8DF6B401-2118-4060-9EA8-A9A6F1383F40}"
EndProject
Project("{FAE04EC0-301F-11D3-BF4B-00C04F79EFBC}") = "Faberge Easter Eggs crush test", "Faberge Easter Eggs crush test\Faberge Easter Eggs crush test.csproj", "{615BF3C0-A250-42E2-922D-540BF7DD5A9C}"
EndProject
Global
	GlobalSection(SolutionConfigurationPlatforms) = preSolution
		Debug|Any CPU = Debug|Any CPU
		Release|Any CPU = Release|Any CPU
	EndGlobalSection
	GlobalSection(ProjectConfigurationPlatforms) = postSolution
		{008327BD-BB9A-4036-A1E3-F4E32C1B3EFF}.Debug|Any CPU.ActiveCfg = Debug|Any CPU
		{008327BD-BB9A-4036-A1E3-F4E32C1B3EFF}.Debug|Any CPU.Build.0 = Debug|Any CPU
		{008327BD-BB9A-4036-A1E3-F4E32C1B3EFF}.Release|Any CPU.ActiveCfg = Release|Any CPU
		{008327BD-BB9A-4036-A1E3-F4E32C1B3EFF}.Release|Any CPU.Build.0 = Release|Any CPU
		{893714CE-E01B-48BD-8E99-9F725C54DEBC}.Debug|Any CPU.ActiveCfg = Debug|Any CPU
		{893714CE-E01B-48BD-8E99-9F725C54DEBC}.Debug|Any CPU.Build.0 = Debug|Any CPU
		{893714CE-E01B-48BD-8E99-9F725C54DEBC}.Release|Any CPU.ActiveCfg = Release|Any CPU
		{893714CE-E01B-48BD-8E99-9F725C54DEBC}.Release|Any CPU.Build.0 = Release|Any CPU
		{0C713CB8-D756-4CD7-AF7D-5F832F660040}.Debug|Any CPU.ActiveCfg = Debug|Any CPU
		{0C713CB8-D756-4CD7-AF7D-5F832F660040}.Debug|Any CPU.Build.0 = Debug|Any CPU
		{0C713CB8-D756-4CD7-AF7D-5F832F660040}.Release|Any CPU.ActiveCfg = Release|Any CPU
		{0C713CB8-D756-4CD7-AF7D-5F832F660040}.Release|Any CPU.Build.0 = Release|Any CPU
		{B6287758-437A-4364-B364-1C192A14CA57}.Debug|Any CPU.ActiveCfg = Debug|Any CPU
		{B6287758-437A-4364-B364-1C192A14CA57}.Debug|Any CPU.Build.0 = Debug|Any CPU
		{B6287758-437A-4364-B364-1C192A14CA57}.Release|Any CPU.ActiveCfg = Release|Any CPU
		{B6287758-437A-4364-B364-1C192A14CA57}.Release|Any CPU.Build.0 = Release|Any CPU
		{5706E863-8DE7-4E68-A86E-E6E042D0605D}.Debug|Any CPU.ActiveCfg = Debug|Any CPU
		{5706E863-8DE7-4E68-A86E-E6E042D0605D}.Debug|Any CPU.Build.0 = Debug|Any CPU
		{5706E863-8DE7-4E68-A86E-E6E042D0605D}.Release|Any CPU.ActiveCfg = Release|Any CPU
		{5706E863-8DE7-4E68-A86E-E6E042D0605D}.Release|Any CPU.Build.0 = Release|Any CPU
		{52891D20-7D7E-469F-8502-CB356852F06E}.Debug|Any CPU.ActiveCfg = Debug|Any CPU
		{52891D20-7D7E-469F-8502-CB356852F06E}.Debug|Any CPU.Build.0 = Debug|Any CPU
		{52891D20-7D7E-469F-8502-CB356852F06E}.Release|Any CPU.ActiveCfg = Release|Any CPU
		{52891D20-7D7E-469F-8502-CB356852F06E}.Release|Any CPU.Build.0 = Release|Any CPU
		{2C9157EC-40D7-4627-9BB5-34367BE5F483}.Debug|Any CPU.ActiveCfg = Debug|Any CPU
		{2C9157EC-40D7-4627-9BB5-34367BE5F483}.Debug|Any CPU.Build.0 = Debug|Any CPU
		{2C9157EC-40D7-4627-9BB5-34367BE5F483}.Release|Any CPU.ActiveCfg = Release|Any CPU
		{2C9157EC-40D7-4627-9BB5-34367BE5F483}.Release|Any CPU.Build.0 = Release|Any CPU
		{871052E8-52EE-4E87-831A-FB5BDE1762CD}.Debug|Any CPU.ActiveCfg = Debug|Any CPU
		{871052E8-52EE-4E87-831A-FB5BDE1762CD}.Debug|Any CPU.Build.0 = Debug|Any CPU
		{871052E8-52EE-4E87-831A-FB5BDE1762CD}.Release|Any CPU.ActiveCfg = Release|Any CPU
		{871052E8-52EE-4E87-831A-FB5BDE1762CD}.Release|Any CPU.Build.0 = Release|Any CPU
		{580AEC04-E6FD-448B-928D-1FE64DDCE09A}.Debug|Any CPU.ActiveCfg = Debug|Any CPU
		{580AEC04-E6FD-448B-928D-1FE64DDCE09A}.Debug|Any CPU.Build.0 = Debug|Any CPU
		{580AEC04-E6FD-448B-928D-1FE64DDCE09A}.Release|Any CPU.ActiveCfg = Release|Any CPU
		{580AEC04-E6FD-448B-928D-1FE64DDCE09A}.Release|Any CPU.Build.0 = Release|Any CPU
		{DD75CFD4-B2D8-4694-BFBF-2DCA130B2236}.Debug|Any CPU.ActiveCfg = Debug|Any CPU
		{DD75CFD4-B2D8-4694-BFBF-2DCA130B2236}.Debug|Any CPU.Build.0 = Debug|Any CPU
		{DD75CFD4-B2D8-4694-BFBF-2DCA130B2236}.Release|Any CPU.ActiveCfg = Release|Any CPU
		{DD75CFD4-B2D8-4694-BFBF-2DCA130B2236}.Release|Any CPU.Build.0 = Release|Any CPU
		{9675ACE5-5636-4859-B12C-27D087CD4260}.Debug|Any CPU.ActiveCfg = Debug|Any CPU
		{9675ACE5-5636-4859-B12C-27D087CD4260}.Debug|Any CPU.Build.0 = Debug|Any CPU
		{9675ACE5-5636-4859-B12C-27D087CD4260}.Release|Any CPU.ActiveCfg = Release|Any CPU
		{9675ACE5-5636-4859-B12C-27D087CD4260}.Release|Any CPU.Build.0 = Release|Any CPU
		{8507ADBA-CC1D-4797-84F6-CABEE2E29AE5}.Debug|Any CPU.ActiveCfg = Debug|Any CPU
		{8507ADBA-CC1D-4797-84F6-CABEE2E29AE5}.Debug|Any CPU.Build.0 = Debug|Any CPU
		{8507ADBA-CC1D-4797-84F6-CABEE2E29AE5}.Release|Any CPU.ActiveCfg = Release|Any CPU
		{8507ADBA-CC1D-4797-84F6-CABEE2E29AE5}.Release|Any CPU.Build.0 = Release|Any CPU
		{79E2118A-55A8-44DF-A341-DEDF2636A260}.Debug|Any CPU.ActiveCfg = Debug|Any CPU
		{79E2118A-55A8-44DF-A341-DEDF2636A260}.Debug|Any CPU.Build.0 = Debug|Any CPU
		{79E2118A-55A8-44DF-A341-DEDF2636A260}.Release|Any CPU.ActiveCfg = Release|Any CPU
		{79E2118A-55A8-44DF-A341-DEDF2636A260}.Release|Any CPU.Build.0 = Release|Any CPU
		{6A57AF8E-1667-47AC-A26C-79A66644BC79}.Debug|Any CPU.ActiveCfg = Debug|Any CPU
		{6A57AF8E-1667-47AC-A26C-79A66644BC79}.Debug|Any CPU.Build.0 = Debug|Any CPU
		{6A57AF8E-1667-47AC-A26C-79A66644BC79}.Release|Any CPU.ActiveCfg = Release|Any CPU
		{6A57AF8E-1667-47AC-A26C-79A66644BC79}.Release|Any CPU.Build.0 = Release|Any CPU
		{4B7308BC-0E2C-4ACB-8D4E-AA062E5B583C}.Debug|Any CPU.ActiveCfg = Debug|Any CPU
		{4B7308BC-0E2C-4ACB-8D4E-AA062E5B583C}.Debug|Any CPU.Build.0 = Debug|Any CPU
		{4B7308BC-0E2C-4ACB-8D4E-AA062E5B583C}.Release|Any CPU.ActiveCfg = Release|Any CPU
		{4B7308BC-0E2C-4ACB-8D4E-AA062E5B583C}.Release|Any CPU.Build.0 = Release|Any CPU
		{F6C91982-F79F-47BC-9839-F0ADBD9D327F}.Debug|Any CPU.ActiveCfg = Debug|Any CPU
		{F6C91982-F79F-47BC-9839-F0ADBD9D327F}.Debug|Any CPU.Build.0 = Debug|Any CPU
		{F6C91982-F79F-47BC-9839-F0ADBD9D327F}.Release|Any CPU.ActiveCfg = Release|Any CPU
		{F6C91982-F79F-47BC-9839-F0ADBD9D327F}.Release|Any CPU.Build.0 = Release|Any CPU
		{4B69B1FA-0274-429C-8CAA-A1C6AEED8981}.Debug|Any CPU.ActiveCfg = Debug|Any CPU
		{4B69B1FA-0274-429C-8CAA-A1C6AEED8981}.Debug|Any CPU.Build.0 = Debug|Any CPU
		{4B69B1FA-0274-429C-8CAA-A1C6AEED8981}.Release|Any CPU.ActiveCfg = Release|Any CPU
		{4B69B1FA-0274-429C-8CAA-A1C6AEED8981}.Release|Any CPU.Build.0 = Release|Any CPU
		{8EB468E8-869F-46FE-96DD-5C2A0E939DD2}.Debug|Any CPU.ActiveCfg = Debug|Any CPU
		{8EB468E8-869F-46FE-96DD-5C2A0E939DD2}.Debug|Any CPU.Build.0 = Debug|Any CPU
		{8EB468E8-869F-46FE-96DD-5C2A0E939DD2}.Release|Any CPU.ActiveCfg = Release|Any CPU
		{8EB468E8-869F-46FE-96DD-5C2A0E939DD2}.Release|Any CPU.Build.0 = Release|Any CPU
		{D40BF3C7-4BAB-4CAD-BCB8-6F8B09178A6C}.Debug|Any CPU.ActiveCfg = Debug|Any CPU
		{D40BF3C7-4BAB-4CAD-BCB8-6F8B09178A6C}.Debug|Any CPU.Build.0 = Debug|Any CPU
		{D40BF3C7-4BAB-4CAD-BCB8-6F8B09178A6C}.Release|Any CPU.ActiveCfg = Release|Any CPU
		{D40BF3C7-4BAB-4CAD-BCB8-6F8B09178A6C}.Release|Any CPU.Build.0 = Release|Any CPU
		{B2555B85-D177-4CB5-BA82-0A8B15B69D61}.Debug|Any CPU.ActiveCfg = Debug|Any CPU
		{B2555B85-D177-4CB5-BA82-0A8B15B69D61}.Debug|Any CPU.Build.0 = Debug|Any CPU
		{B2555B85-D177-4CB5-BA82-0A8B15B69D61}.Release|Any CPU.ActiveCfg = Release|Any CPU
		{B2555B85-D177-4CB5-BA82-0A8B15B69D61}.Release|Any CPU.Build.0 = Release|Any CPU
		{CF5314A3-0231-481B-8749-8123AD853E22}.Debug|Any CPU.ActiveCfg = Debug|Any CPU
		{CF5314A3-0231-481B-8749-8123AD853E22}.Debug|Any CPU.Build.0 = Debug|Any CPU
		{CF5314A3-0231-481B-8749-8123AD853E22}.Release|Any CPU.ActiveCfg = Release|Any CPU
		{CF5314A3-0231-481B-8749-8123AD853E22}.Release|Any CPU.Build.0 = Release|Any CPU
		{3DF40A6A-2115-40FD-A999-B0D11EFC5BC5}.Debug|Any CPU.ActiveCfg = Debug|Any CPU
		{3DF40A6A-2115-40FD-A999-B0D11EFC5BC5}.Debug|Any CPU.Build.0 = Debug|Any CPU
		{3DF40A6A-2115-40FD-A999-B0D11EFC5BC5}.Release|Any CPU.ActiveCfg = Release|Any CPU
		{3DF40A6A-2115-40FD-A999-B0D11EFC5BC5}.Release|Any CPU.Build.0 = Release|Any CPU
		{E5B3A42E-B0AD-4E98-B38F-C389DBA1A260}.Debug|Any CPU.ActiveCfg = Debug|Any CPU
		{E5B3A42E-B0AD-4E98-B38F-C389DBA1A260}.Debug|Any CPU.Build.0 = Debug|Any CPU
		{E5B3A42E-B0AD-4E98-B38F-C389DBA1A260}.Release|Any CPU.ActiveCfg = Release|Any CPU
		{E5B3A42E-B0AD-4E98-B38F-C389DBA1A260}.Release|Any CPU.Build.0 = Release|Any CPU
		{D3C0980C-59AC-4E82-BDFE-8118291BF474}.Debug|Any CPU.ActiveCfg = Debug|Any CPU
		{D3C0980C-59AC-4E82-BDFE-8118291BF474}.Debug|Any CPU.Build.0 = Debug|Any CPU
		{D3C0980C-59AC-4E82-BDFE-8118291BF474}.Release|Any CPU.ActiveCfg = Release|Any CPU
		{D3C0980C-59AC-4E82-BDFE-8118291BF474}.Release|Any CPU.Build.0 = Release|Any CPU
		{788B951A-A46D-4032-8BDA-941AE7039A23}.Debug|Any CPU.ActiveCfg = Debug|Any CPU
		{788B951A-A46D-4032-8BDA-941AE7039A23}.Debug|Any CPU.Build.0 = Debug|Any CPU
		{788B951A-A46D-4032-8BDA-941AE7039A23}.Release|Any CPU.ActiveCfg = Release|Any CPU
		{788B951A-A46D-4032-8BDA-941AE7039A23}.Release|Any CPU.Build.0 = Release|Any CPU
		{D83110A7-ECC3-4336-9266-9D9320E6E740}.Debug|Any CPU.ActiveCfg = Debug|Any CPU
		{D83110A7-ECC3-4336-9266-9D9320E6E740}.Debug|Any CPU.Build.0 = Debug|Any CPU
		{D83110A7-ECC3-4336-9266-9D9320E6E740}.Release|Any CPU.ActiveCfg = Release|Any CPU
		{D83110A7-ECC3-4336-9266-9D9320E6E740}.Release|Any CPU.Build.0 = Release|Any CPU
		{8DF6B401-2118-4060-9EA8-A9A6F1383F40}.Debug|Any CPU.ActiveCfg = Debug|Any CPU
		{8DF6B401-2118-4060-9EA8-A9A6F1383F40}.Debug|Any CPU.Build.0 = Debug|Any CPU
		{8DF6B401-2118-4060-9EA8-A9A6F1383F40}.Release|Any CPU.ActiveCfg = Release|Any CPU
		{8DF6B401-2118-4060-9EA8-A9A6F1383F40}.Release|Any CPU.Build.0 = Release|Any CPU
		{615BF3C0-A250-42E2-922D-540BF7DD5A9C}.Debug|Any CPU.ActiveCfg = Debug|Any CPU
		{615BF3C0-A250-42E2-922D-540BF7DD5A9C}.Debug|Any CPU.Build.0 = Debug|Any CPU
		{615BF3C0-A250-42E2-922D-540BF7DD5A9C}.Release|Any CPU.ActiveCfg = Release|Any CPU
		{615BF3C0-A250-42E2-922D-540BF7DD5A9C}.Release|Any CPU.Build.0 = Release|Any CPU
	EndGlobalSection
	GlobalSection(SolutionProperties) = preSolution
		HideSolutionNode = FALSE
	EndGlobalSection
	GlobalSection(ExtensibilityGlobals) = postSolution
		SolutionGuid = {3A3FBAE0-62EC-4D2A-99BE-42702E24E26E}
	EndGlobalSection
EndGlobal
