
Microsoft Visual Studio Solution File, Format Version 12.00
# Visual Studio Version 17
VisualStudioVersion = 17.13.35507.96
MinimumVisualStudioVersion = 10.0.40219.1
Project("{FAE04EC0-301F-11D3-BF4B-00C04F79EFBC}") = "Day1.Part1", "Day1.Part1\Day1.Part1.csproj", "{E717AAD9-75CC-41D9-85DE-07CD293DAD71}"
EndProject
Project("{FAE04EC0-301F-11D3-BF4B-00C04F79EFBC}") = "Day1.Part2", "Day1.Part2\Day1.Part2.csproj", "{50EC3153-6D70-4A56-85FA-53C59E030FE3}"
EndProject
Project("{FAE04EC0-301F-11D3-BF4B-00C04F79EFBC}") = "Day2.Part1", "Day2.Part1\Day2.Part1.csproj", "{629C3D60-16B6-416E-A08A-E5FBE4EEAFBA}"
EndProject
Project("{FAE04EC0-301F-11D3-BF4B-00C04F79EFBC}") = "Day2.Part2", "Day2.Part2\Day2.Part2.csproj", "{0EB75ECE-4812-46B5-8B6C-DA45DCE90F38}"
EndProject
Project("{FAE04EC0-301F-11D3-BF4B-00C04F79EFBC}") = "Day3.Part1", "Day3.Part1\Day3.Part1.csproj", "{C4A87752-C9BB-494D-802B-2C0927ABD7A4}"
EndProject
Project("{FAE04EC0-301F-11D3-BF4B-00C04F79EFBC}") = "Day3.Part2", "Day3.Part2\Day3.Part2.csproj", "{8935BA63-465C-4F1A-B3DC-DA8CC8DF95A5}"
EndProject
Project("{FAE04EC0-301F-11D3-BF4B-00C04F79EFBC}") = "Day4.Part1", "Day4.Part1\Day4.Part1.csproj", "{A1083761-A461-425B-8339-3EB557A6D60B}"
EndProject
Project("{FAE04EC0-301F-11D3-BF4B-00C04F79EFBC}") = "Day4.Part2", "Day4.Part2\Day4.Part2.csproj", "{6C752F79-E576-49CE-AF0D-01336F025012}"
EndProject
Project("{FAE04EC0-301F-11D3-BF4B-00C04F79EFBC}") = "Day5.Part1", "Day5.Part1\Day5.Part1.csproj", "{DE9E180F-4660-436E-BB44-D0C65B2F8777}"
EndProject
Project("{FAE04EC0-301F-11D3-BF4B-00C04F79EFBC}") = "Day5.Part2", "Day5.Part2\Day5.Part2.csproj", "{088C27CB-DF54-4304-B9C0-E6DBA60A099A}"
EndProject
Project("{FAE04EC0-301F-11D3-BF4B-00C04F79EFBC}") = "Day6.Part1", "Day6.Part1\Day6.Part1.csproj", "{77D0967A-0B7C-42BD-AB3C-A8009B9173FD}"
EndProject
Global
	GlobalSection(SolutionConfigurationPlatforms) = preSolution
		Debug|Any CPU = Debug|Any CPU
		Release|Any CPU = Release|Any CPU
	EndGlobalSection
	GlobalSection(ProjectConfigurationPlatforms) = postSolution
		{E717AAD9-75CC-41D9-85DE-07CD293DAD71}.Debug|Any CPU.ActiveCfg = Debug|Any CPU
		{E717AAD9-75CC-41D9-85DE-07CD293DAD71}.Debug|Any CPU.Build.0 = Debug|Any CPU
		{E717AAD9-75CC-41D9-85DE-07CD293DAD71}.Release|Any CPU.ActiveCfg = Release|Any CPU
		{E717AAD9-75CC-41D9-85DE-07CD293DAD71}.Release|Any CPU.Build.0 = Release|Any CPU
		{50EC3153-6D70-4A56-85FA-53C59E030FE3}.Debug|Any CPU.ActiveCfg = Debug|Any CPU
		{50EC3153-6D70-4A56-85FA-53C59E030FE3}.Debug|Any CPU.Build.0 = Debug|Any CPU
		{50EC3153-6D70-4A56-85FA-53C59E030FE3}.Release|Any CPU.ActiveCfg = Release|Any CPU
		{50EC3153-6D70-4A56-85FA-53C59E030FE3}.Release|Any CPU.Build.0 = Release|Any CPU
		{629C3D60-16B6-416E-A08A-E5FBE4EEAFBA}.Debug|Any CPU.ActiveCfg = Debug|Any CPU
		{629C3D60-16B6-416E-A08A-E5FBE4EEAFBA}.Debug|Any CPU.Build.0 = Debug|Any CPU
		{629C3D60-16B6-416E-A08A-E5FBE4EEAFBA}.Release|Any CPU.ActiveCfg = Release|Any CPU
		{629C3D60-16B6-416E-A08A-E5FBE4EEAFBA}.Release|Any CPU.Build.0 = Release|Any CPU
		{0EB75ECE-4812-46B5-8B6C-DA45DCE90F38}.Debug|Any CPU.ActiveCfg = Debug|Any CPU
		{0EB75ECE-4812-46B5-8B6C-DA45DCE90F38}.Debug|Any CPU.Build.0 = Debug|Any CPU
		{0EB75ECE-4812-46B5-8B6C-DA45DCE90F38}.Release|Any CPU.ActiveCfg = Release|Any CPU
		{0EB75ECE-4812-46B5-8B6C-DA45DCE90F38}.Release|Any CPU.Build.0 = Release|Any CPU
		{C4A87752-C9BB-494D-802B-2C0927ABD7A4}.Debug|Any CPU.ActiveCfg = Debug|Any CPU
		{C4A87752-C9BB-494D-802B-2C0927ABD7A4}.Debug|Any CPU.Build.0 = Debug|Any CPU
		{C4A87752-C9BB-494D-802B-2C0927ABD7A4}.Release|Any CPU.ActiveCfg = Release|Any CPU
		{C4A87752-C9BB-494D-802B-2C0927ABD7A4}.Release|Any CPU.Build.0 = Release|Any CPU
		{8935BA63-465C-4F1A-B3DC-DA8CC8DF95A5}.Debug|Any CPU.ActiveCfg = Debug|Any CPU
		{8935BA63-465C-4F1A-B3DC-DA8CC8DF95A5}.Debug|Any CPU.Build.0 = Debug|Any CPU
		{8935BA63-465C-4F1A-B3DC-DA8CC8DF95A5}.Release|Any CPU.ActiveCfg = Release|Any CPU
		{8935BA63-465C-4F1A-B3DC-DA8CC8DF95A5}.Release|Any CPU.Build.0 = Release|Any CPU
		{A1083761-A461-425B-8339-3EB557A6D60B}.Debug|Any CPU.ActiveCfg = Debug|Any CPU
		{A1083761-A461-425B-8339-3EB557A6D60B}.Debug|Any CPU.Build.0 = Debug|Any CPU
		{A1083761-A461-425B-8339-3EB557A6D60B}.Release|Any CPU.ActiveCfg = Release|Any CPU
		{A1083761-A461-425B-8339-3EB557A6D60B}.Release|Any CPU.Build.0 = Release|Any CPU
		{6C752F79-E576-49CE-AF0D-01336F025012}.Debug|Any CPU.ActiveCfg = Debug|Any CPU
		{6C752F79-E576-49CE-AF0D-01336F025012}.Debug|Any CPU.Build.0 = Debug|Any CPU
		{6C752F79-E576-49CE-AF0D-01336F025012}.Release|Any CPU.ActiveCfg = Release|Any CPU
		{6C752F79-E576-49CE-AF0D-01336F025012}.Release|Any CPU.Build.0 = Release|Any CPU
		{DE9E180F-4660-436E-BB44-D0C65B2F8777}.Debug|Any CPU.ActiveCfg = Debug|Any CPU
		{DE9E180F-4660-436E-BB44-D0C65B2F8777}.Debug|Any CPU.Build.0 = Debug|Any CPU
		{DE9E180F-4660-436E-BB44-D0C65B2F8777}.Release|Any CPU.ActiveCfg = Release|Any CPU
		{DE9E180F-4660-436E-BB44-D0C65B2F8777}.Release|Any CPU.Build.0 = Release|Any CPU
		{088C27CB-DF54-4304-B9C0-E6DBA60A099A}.Debug|Any CPU.ActiveCfg = Debug|Any CPU
		{088C27CB-DF54-4304-B9C0-E6DBA60A099A}.Debug|Any CPU.Build.0 = Debug|Any CPU
		{088C27CB-DF54-4304-B9C0-E6DBA60A099A}.Release|Any CPU.ActiveCfg = Release|Any CPU
		{088C27CB-DF54-4304-B9C0-E6DBA60A099A}.Release|Any CPU.Build.0 = Release|Any CPU
		{77D0967A-0B7C-42BD-AB3C-A8009B9173FD}.Debug|Any CPU.ActiveCfg = Debug|Any CPU
		{77D0967A-0B7C-42BD-AB3C-A8009B9173FD}.Debug|Any CPU.Build.0 = Debug|Any CPU
		{77D0967A-0B7C-42BD-AB3C-A8009B9173FD}.Release|Any CPU.ActiveCfg = Release|Any CPU
		{77D0967A-0B7C-42BD-AB3C-A8009B9173FD}.Release|Any CPU.Build.0 = Release|Any CPU
	EndGlobalSection
	GlobalSection(SolutionProperties) = preSolution
		HideSolutionNode = FALSE
	EndGlobalSection
	GlobalSection(ExtensibilityGlobals) = postSolution
		SolutionGuid = {CB5C2ED3-B1FC-4975-B327-72E91BED6BEB}
	EndGlobalSection
EndGlobal
