
Microsoft Visual Studio Solution File, Format Version 12.00
# Visual Studio Version 17
VisualStudioVersion = 17.13.35507.96
MinimumVisualStudioVersion = 10.0.40219.1
Project("{FAE04EC0-301F-11D3-BF4B-00C04F79EFBC}") = "Day01.Part1", "Day01.Part1\Day01.Part1.csproj", "{E717AAD9-75CC-41D9-85DE-07CD293DAD71}"
EndProject
Project("{FAE04EC0-301F-11D3-BF4B-00C04F79EFBC}") = "Day01.Part2", "Day01.Part2\Day01.Part2.csproj", "{50EC3153-6D70-4A56-85FA-53C59E030FE3}"
EndProject
Project("{FAE04EC0-301F-11D3-BF4B-00C04F79EFBC}") = "Day02.Part1", "Day02.Part1\Day02.Part1.csproj", "{629C3D60-16B6-416E-A08A-E5FBE4EEAFBA}"
EndProject
Project("{FAE04EC0-301F-11D3-BF4B-00C04F79EFBC}") = "Day02.Part2", "Day02.Part2\Day02.Part2.csproj", "{0EB75ECE-4812-46B5-8B6C-DA45DCE90F38}"
EndProject
Project("{FAE04EC0-301F-11D3-BF4B-00C04F79EFBC}") = "Day03.Part1", "Day03.Part1\Day03.Part1.csproj", "{C4A87752-C9BB-494D-802B-2C0927ABD7A4}"
EndProject
Project("{FAE04EC0-301F-11D3-BF4B-00C04F79EFBC}") = "Day03.Part2", "Day03.Part2\Day03.Part2.csproj", "{8935BA63-465C-4F1A-B3DC-DA8CC8DF95A5}"
EndProject
Project("{FAE04EC0-301F-11D3-BF4B-00C04F79EFBC}") = "Day04.Part1", "Day04.Part1\Day04.Part1.csproj", "{A1083761-A461-425B-8339-3EB557A6D60B}"
EndProject
Project("{FAE04EC0-301F-11D3-BF4B-00C04F79EFBC}") = "Day04.Part2", "Day04.Part2\Day04.Part2.csproj", "{6C752F79-E576-49CE-AF0D-01336F025012}"
EndProject
Project("{FAE04EC0-301F-11D3-BF4B-00C04F79EFBC}") = "Day05.Part1", "Day05.Part1\Day05.Part1.csproj", "{DE9E180F-4660-436E-BB44-D0C65B2F8777}"
EndProject
Project("{FAE04EC0-301F-11D3-BF4B-00C04F79EFBC}") = "Day05.Part2", "Day05.Part2\Day05.Part2.csproj", "{088C27CB-DF54-4304-B9C0-E6DBA60A099A}"
EndProject
Project("{FAE04EC0-301F-11D3-BF4B-00C04F79EFBC}") = "Day06.Part1", "Day06.Part1\Day06.Part1.csproj", "{77D0967A-0B7C-42BD-AB3C-A8009B9173FD}"
EndProject
Project("{FAE04EC0-301F-11D3-BF4B-00C04F79EFBC}") = "Day06.Part2", "Day06.Part2\Day06.Part2.csproj", "{8AFD2C61-0337-49B9-BB41-A945B23DB43E}"
EndProject
Project("{FAE04EC0-301F-11D3-BF4B-00C04F79EFBC}") = "Day07.Part1", "Day07.Part1\Day07.Part1.csproj", "{D3C8F7C0-4D50-4AFB-B734-0DCD4F25C460}"
EndProject
Project("{FAE04EC0-301F-11D3-BF4B-00C04F79EFBC}") = "Day07.Part2", "Day07.Part2\Day07.Part2.csproj", "{AAE35CEC-1649-4FAB-8877-3B83303942DA}"
EndProject
Project("{FAE04EC0-301F-11D3-BF4B-00C04F79EFBC}") = "Day08.Part1", "Day08.Part1\Day08.Part1.csproj", "{7FB0D64E-C2D4-4062-A6A6-92BFC556D94D}"
EndProject
Project("{FAE04EC0-301F-11D3-BF4B-00C04F79EFBC}") = "Day08.Part2", "Day08.Part2\Day08.Part2.csproj", "{7645EC3D-D9FB-481D-AE70-CF4680F7F4E4}"
EndProject
Project("{FAE04EC0-301F-11D3-BF4B-00C04F79EFBC}") = "Day09.Part1", "Day09.Part1\Day09.Part1.csproj", "{5C3781E1-34A1-4E11-B3A4-0EFC3BA39C6F}"
EndProject
Project("{FAE04EC0-301F-11D3-BF4B-00C04F79EFBC}") = "Day09.Part2", "Day09.Part2\Day09.Part2.csproj", "{09D004C7-A942-416B-BB8F-1309D16136CB}"
EndProject
Project("{FAE04EC0-301F-11D3-BF4B-00C04F79EFBC}") = "Day10.Part1", "Day10.Part1\Day10.Part1.csproj", "{1402F6BC-BE87-4762-AD76-4CA9F76B911F}"
EndProject
Project("{FAE04EC0-301F-11D3-BF4B-00C04F79EFBC}") = "Day10.Part2", "Day10.Part2\Day10.Part2.csproj", "{11625B02-6D6E-4D44-AFB7-7049EA498D80}"
EndProject
Project("{FAE04EC0-301F-11D3-BF4B-00C04F79EFBC}") = "Day11.Part1", "Day11.Part1\Day11.Part1.csproj", "{656A09B0-5A16-4824-A048-94AE8DB721A4}"
EndProject
Project("{FAE04EC0-301F-11D3-BF4B-00C04F79EFBC}") = "Day11.Part2", "Day11.Part2\Day11.Part2.csproj", "{8F197629-5B0E-4D6B-933E-7334AC6E6DDF}"
EndProject
Project("{FAE04EC0-301F-11D3-BF4B-00C04F79EFBC}") = "Day12.Part1", "Day12.Part1\Day12.Part1.csproj", "{4B1A3A12-017D-452F-B3D1-5013FB92B1EA}"
EndProject
Project("{FAE04EC0-301F-11D3-BF4B-00C04F79EFBC}") = "Day12.Part2", "Day12.Part2\Day12.Part2.csproj", "{7714A0AC-1EEA-4509-B404-809E873D4841}"
EndProject
Project("{FAE04EC0-301F-11D3-BF4B-00C04F79EFBC}") = "Day13.Part1", "Day13.Part1\Day13.Part1.csproj", "{218DD34D-6DCE-4A5D-A1C2-30939D8AA6A9}"
EndProject
Project("{FAE04EC0-301F-11D3-BF4B-00C04F79EFBC}") = "Day13.Part2", "Day13.Part2\Day13.Part2.csproj", "{049BB6A9-1AD1-4A2D-82D7-F1F775E0EDD9}"
EndProject
Project("{FAE04EC0-301F-11D3-BF4B-00C04F79EFBC}") = "Day14.Part1", "Day14.Part1\Day14.Part1.csproj", "{8EC38823-11C7-4B6F-BD27-563911F8F507}"
EndProject
Project("{FAE04EC0-301F-11D3-BF4B-00C04F79EFBC}") = "Day14.Part2", "Day14.Part2\Day14.Part2.csproj", "{349D4DD1-D52D-4033-97C3-EDF6FEF5C97D}"
EndProject
Project("{FAE04EC0-301F-11D3-BF4B-00C04F79EFBC}") = "Day15.Part1", "Day15.Part1\Day15.Part1.csproj", "{A5A643E2-34EC-4496-BDD9-62115ED7EFD3}"
EndProject
Project("{FAE04EC0-301F-11D3-BF4B-00C04F79EFBC}") = "Day15.Part2", "Day15.Part2\Day15.Part2.csproj", "{CF73DA48-7428-4289-B912-846E26290D9C}"
EndProject
Project("{FAE04EC0-301F-11D3-BF4B-00C04F79EFBC}") = "Day16.Part1", "Day16.Part1\Day16.Part1.csproj", "{6AA25638-6411-47B9-B146-657C8F28FDB8}"
EndProject
Project("{FAE04EC0-301F-11D3-BF4B-00C04F79EFBC}") = "Day16.Part2", "Day16.Part2\Day16.Part2.csproj", "{6FF71FDA-D4A7-417F-9CCA-73F62A2617DE}"
EndProject
Project("{FAE04EC0-301F-11D3-BF4B-00C04F79EFBC}") = "Day17.Part1", "Day17.Part1\Day17.Part1.csproj", "{2E609FE8-05BF-489A-B1C2-636EB3FD49D0}"
EndProject
Project("{FAE04EC0-301F-11D3-BF4B-00C04F79EFBC}") = "Day17.Part2", "Day17.Part2\Day17.Part2.csproj", "{672AF684-24F2-47CA-AE84-3BDA31F85D6E}"
EndProject
Project("{FAE04EC0-301F-11D3-BF4B-00C04F79EFBC}") = "Day18.Part1", "Day18.Part1\Day18.Part1.csproj", "{9F14B826-3F76-48B7-B81D-2D6D8FBD4742}"
EndProject
Project("{FAE04EC0-301F-11D3-BF4B-00C04F79EFBC}") = "Day18.Part2", "Day18.Part2\Day18.Part2.csproj", "{E7FD94AB-B87D-4A77-970A-309697A84C8D}"
EndProject
Project("{FAE04EC0-301F-11D3-BF4B-00C04F79EFBC}") = "Day19.Part1", "Day19.Part1\Day19.Part1.csproj", "{DBB0B285-31D3-4563-9AE9-883E089B5FD1}"
EndProject
Project("{FAE04EC0-301F-11D3-BF4B-00C04F79EFBC}") = "Day19.Part2", "Day19.Part2\Day19.Part2.csproj", "{BC9B3B0E-74F2-4D38-9474-8551E94C9E62}"
EndProject
Project("{FAE04EC0-301F-11D3-BF4B-00C04F79EFBC}") = "Day20.Part1", "Day20.Part1\Day20.Part1.csproj", "{E2698342-5023-4AFE-9EDB-2FE2C8419492}"
EndProject
Project("{FAE04EC0-301F-11D3-BF4B-00C04F79EFBC}") = "Day20.Part2", "Day20.Part2\Day20.Part2.csproj", "{A83BA26E-4A0A-4E36-8F00-E7493E867983}"
EndProject
Project("{FAE04EC0-301F-11D3-BF4B-00C04F79EFBC}") = "Day21.Part1", "Day21.Part1\Day21.Part1.csproj", "{2BAB3F4D-976F-45FB-9039-38907845B702}"
EndProject
Project("{FAE04EC0-301F-11D3-BF4B-00C04F79EFBC}") = "Day21.Part2", "Day21.Part2\Day21.Part2.csproj", "{4ED65838-0216-4E24-AF12-BCE551968ECB}"
EndProject
Project("{FAE04EC0-301F-11D3-BF4B-00C04F79EFBC}") = "Day22.Part1", "Day22.Part1\Day22.Part1.csproj", "{8B170BCE-D571-4D31-8C8B-390F13277703}"
EndProject
Project("{FAE04EC0-301F-11D3-BF4B-00C04F79EFBC}") = "Day22.Part2", "Day22.Part2\Day22.Part2.csproj", "{E4B5A4E4-18A2-4629-B000-661819059321}"
EndProject
Project("{FAE04EC0-301F-11D3-BF4B-00C04F79EFBC}") = "Day23.Part1", "Day23.Part1\Day23.Part1.csproj", "{C243CC1C-F9A6-4E96-9EDC-B57846F48EE8}"
EndProject
Global
	GlobalSection(SolutionConfigurationPlatforms) = preSolution
		Debug|Any CPU = Debug|Any CPU
		Release|Any CPU = Release|Any CPU
	EndGlobalSection
	GlobalSection(ProjectConfigurationPlatforms) = postSolution
		{E717AAD9-75CC-41D9-85DE-07CD293DAD71}.Debug|Any CPU.ActiveCfg = Debug|Any CPU
		{E717AAD9-75CC-41D9-85DE-07CD293DAD71}.Debug|Any CPU.Build.0 = Debug|Any CPU
		{E717AAD9-75CC-41D9-85DE-07CD293DAD71}.Release|Any CPU.ActiveCfg = Release|Any CPU
		{E717AAD9-75CC-41D9-85DE-07CD293DAD71}.Release|Any CPU.Build.0 = Release|Any CPU
		{50EC3153-6D70-4A56-85FA-53C59E030FE3}.Debug|Any CPU.ActiveCfg = Debug|Any CPU
		{50EC3153-6D70-4A56-85FA-53C59E030FE3}.Debug|Any CPU.Build.0 = Debug|Any CPU
		{50EC3153-6D70-4A56-85FA-53C59E030FE3}.Release|Any CPU.ActiveCfg = Release|Any CPU
		{50EC3153-6D70-4A56-85FA-53C59E030FE3}.Release|Any CPU.Build.0 = Release|Any CPU
		{629C3D60-16B6-416E-A08A-E5FBE4EEAFBA}.Debug|Any CPU.ActiveCfg = Debug|Any CPU
		{629C3D60-16B6-416E-A08A-E5FBE4EEAFBA}.Debug|Any CPU.Build.0 = Debug|Any CPU
		{629C3D60-16B6-416E-A08A-E5FBE4EEAFBA}.Release|Any CPU.ActiveCfg = Release|Any CPU
		{629C3D60-16B6-416E-A08A-E5FBE4EEAFBA}.Release|Any CPU.Build.0 = Release|Any CPU
		{0EB75ECE-4812-46B5-8B6C-DA45DCE90F38}.Debug|Any CPU.ActiveCfg = Debug|Any CPU
		{0EB75ECE-4812-46B5-8B6C-DA45DCE90F38}.Debug|Any CPU.Build.0 = Debug|Any CPU
		{0EB75ECE-4812-46B5-8B6C-DA45DCE90F38}.Release|Any CPU.ActiveCfg = Release|Any CPU
		{0EB75ECE-4812-46B5-8B6C-DA45DCE90F38}.Release|Any CPU.Build.0 = Release|Any CPU
		{C4A87752-C9BB-494D-802B-2C0927ABD7A4}.Debug|Any CPU.ActiveCfg = Debug|Any CPU
		{C4A87752-C9BB-494D-802B-2C0927ABD7A4}.Debug|Any CPU.Build.0 = Debug|Any CPU
		{C4A87752-C9BB-494D-802B-2C0927ABD7A4}.Release|Any CPU.ActiveCfg = Release|Any CPU
		{C4A87752-C9BB-494D-802B-2C0927ABD7A4}.Release|Any CPU.Build.0 = Release|Any CPU
		{8935BA63-465C-4F1A-B3DC-DA8CC8DF95A5}.Debug|Any CPU.ActiveCfg = Debug|Any CPU
		{8935BA63-465C-4F1A-B3DC-DA8CC8DF95A5}.Debug|Any CPU.Build.0 = Debug|Any CPU
		{8935BA63-465C-4F1A-B3DC-DA8CC8DF95A5}.Release|Any CPU.ActiveCfg = Release|Any CPU
		{8935BA63-465C-4F1A-B3DC-DA8CC8DF95A5}.Release|Any CPU.Build.0 = Release|Any CPU
		{A1083761-A461-425B-8339-3EB557A6D60B}.Debug|Any CPU.ActiveCfg = Debug|Any CPU
		{A1083761-A461-425B-8339-3EB557A6D60B}.Debug|Any CPU.Build.0 = Debug|Any CPU
		{A1083761-A461-425B-8339-3EB557A6D60B}.Release|Any CPU.ActiveCfg = Release|Any CPU
		{A1083761-A461-425B-8339-3EB557A6D60B}.Release|Any CPU.Build.0 = Release|Any CPU
		{6C752F79-E576-49CE-AF0D-01336F025012}.Debug|Any CPU.ActiveCfg = Debug|Any CPU
		{6C752F79-E576-49CE-AF0D-01336F025012}.Debug|Any CPU.Build.0 = Debug|Any CPU
		{6C752F79-E576-49CE-AF0D-01336F025012}.Release|Any CPU.ActiveCfg = Release|Any CPU
		{6C752F79-E576-49CE-AF0D-01336F025012}.Release|Any CPU.Build.0 = Release|Any CPU
		{DE9E180F-4660-436E-BB44-D0C65B2F8777}.Debug|Any CPU.ActiveCfg = Debug|Any CPU
		{DE9E180F-4660-436E-BB44-D0C65B2F8777}.Debug|Any CPU.Build.0 = Debug|Any CPU
		{DE9E180F-4660-436E-BB44-D0C65B2F8777}.Release|Any CPU.ActiveCfg = Release|Any CPU
		{DE9E180F-4660-436E-BB44-D0C65B2F8777}.Release|Any CPU.Build.0 = Release|Any CPU
		{088C27CB-DF54-4304-B9C0-E6DBA60A099A}.Debug|Any CPU.ActiveCfg = Debug|Any CPU
		{088C27CB-DF54-4304-B9C0-E6DBA60A099A}.Debug|Any CPU.Build.0 = Debug|Any CPU
		{088C27CB-DF54-4304-B9C0-E6DBA60A099A}.Release|Any CPU.ActiveCfg = Release|Any CPU
		{088C27CB-DF54-4304-B9C0-E6DBA60A099A}.Release|Any CPU.Build.0 = Release|Any CPU
		{77D0967A-0B7C-42BD-AB3C-A8009B9173FD}.Debug|Any CPU.ActiveCfg = Debug|Any CPU
		{77D0967A-0B7C-42BD-AB3C-A8009B9173FD}.Debug|Any CPU.Build.0 = Debug|Any CPU
		{77D0967A-0B7C-42BD-AB3C-A8009B9173FD}.Release|Any CPU.ActiveCfg = Release|Any CPU
		{77D0967A-0B7C-42BD-AB3C-A8009B9173FD}.Release|Any CPU.Build.0 = Release|Any CPU
		{8AFD2C61-0337-49B9-BB41-A945B23DB43E}.Debug|Any CPU.ActiveCfg = Debug|Any CPU
		{8AFD2C61-0337-49B9-BB41-A945B23DB43E}.Debug|Any CPU.Build.0 = Debug|Any CPU
		{8AFD2C61-0337-49B9-BB41-A945B23DB43E}.Release|Any CPU.ActiveCfg = Release|Any CPU
		{8AFD2C61-0337-49B9-BB41-A945B23DB43E}.Release|Any CPU.Build.0 = Release|Any CPU
		{D3C8F7C0-4D50-4AFB-B734-0DCD4F25C460}.Debug|Any CPU.ActiveCfg = Debug|Any CPU
		{D3C8F7C0-4D50-4AFB-B734-0DCD4F25C460}.Debug|Any CPU.Build.0 = Debug|Any CPU
		{D3C8F7C0-4D50-4AFB-B734-0DCD4F25C460}.Release|Any CPU.ActiveCfg = Release|Any CPU
		{D3C8F7C0-4D50-4AFB-B734-0DCD4F25C460}.Release|Any CPU.Build.0 = Release|Any CPU
		{AAE35CEC-1649-4FAB-8877-3B83303942DA}.Debug|Any CPU.ActiveCfg = Debug|Any CPU
		{AAE35CEC-1649-4FAB-8877-3B83303942DA}.Debug|Any CPU.Build.0 = Debug|Any CPU
		{AAE35CEC-1649-4FAB-8877-3B83303942DA}.Release|Any CPU.ActiveCfg = Release|Any CPU
		{AAE35CEC-1649-4FAB-8877-3B83303942DA}.Release|Any CPU.Build.0 = Release|Any CPU
		{7FB0D64E-C2D4-4062-A6A6-92BFC556D94D}.Debug|Any CPU.ActiveCfg = Debug|Any CPU
		{7FB0D64E-C2D4-4062-A6A6-92BFC556D94D}.Debug|Any CPU.Build.0 = Debug|Any CPU
		{7FB0D64E-C2D4-4062-A6A6-92BFC556D94D}.Release|Any CPU.ActiveCfg = Release|Any CPU
		{7FB0D64E-C2D4-4062-A6A6-92BFC556D94D}.Release|Any CPU.Build.0 = Release|Any CPU
		{7645EC3D-D9FB-481D-AE70-CF4680F7F4E4}.Debug|Any CPU.ActiveCfg = Debug|Any CPU
		{7645EC3D-D9FB-481D-AE70-CF4680F7F4E4}.Debug|Any CPU.Build.0 = Debug|Any CPU
		{7645EC3D-D9FB-481D-AE70-CF4680F7F4E4}.Release|Any CPU.ActiveCfg = Release|Any CPU
		{7645EC3D-D9FB-481D-AE70-CF4680F7F4E4}.Release|Any CPU.Build.0 = Release|Any CPU
		{5C3781E1-34A1-4E11-B3A4-0EFC3BA39C6F}.Debug|Any CPU.ActiveCfg = Debug|Any CPU
		{5C3781E1-34A1-4E11-B3A4-0EFC3BA39C6F}.Debug|Any CPU.Build.0 = Debug|Any CPU
		{5C3781E1-34A1-4E11-B3A4-0EFC3BA39C6F}.Release|Any CPU.ActiveCfg = Release|Any CPU
		{5C3781E1-34A1-4E11-B3A4-0EFC3BA39C6F}.Release|Any CPU.Build.0 = Release|Any CPU
		{09D004C7-A942-416B-BB8F-1309D16136CB}.Debug|Any CPU.ActiveCfg = Debug|Any CPU
		{09D004C7-A942-416B-BB8F-1309D16136CB}.Debug|Any CPU.Build.0 = Debug|Any CPU
		{09D004C7-A942-416B-BB8F-1309D16136CB}.Release|Any CPU.ActiveCfg = Release|Any CPU
		{09D004C7-A942-416B-BB8F-1309D16136CB}.Release|Any CPU.Build.0 = Release|Any CPU
		{1402F6BC-BE87-4762-AD76-4CA9F76B911F}.Debug|Any CPU.ActiveCfg = Debug|Any CPU
		{1402F6BC-BE87-4762-AD76-4CA9F76B911F}.Debug|Any CPU.Build.0 = Debug|Any CPU
		{1402F6BC-BE87-4762-AD76-4CA9F76B911F}.Release|Any CPU.ActiveCfg = Release|Any CPU
		{1402F6BC-BE87-4762-AD76-4CA9F76B911F}.Release|Any CPU.Build.0 = Release|Any CPU
		{11625B02-6D6E-4D44-AFB7-7049EA498D80}.Debug|Any CPU.ActiveCfg = Debug|Any CPU
		{11625B02-6D6E-4D44-AFB7-7049EA498D80}.Debug|Any CPU.Build.0 = Debug|Any CPU
		{11625B02-6D6E-4D44-AFB7-7049EA498D80}.Release|Any CPU.ActiveCfg = Release|Any CPU
		{11625B02-6D6E-4D44-AFB7-7049EA498D80}.Release|Any CPU.Build.0 = Release|Any CPU
		{656A09B0-5A16-4824-A048-94AE8DB721A4}.Debug|Any CPU.ActiveCfg = Debug|Any CPU
		{656A09B0-5A16-4824-A048-94AE8DB721A4}.Debug|Any CPU.Build.0 = Debug|Any CPU
		{656A09B0-5A16-4824-A048-94AE8DB721A4}.Release|Any CPU.ActiveCfg = Release|Any CPU
		{656A09B0-5A16-4824-A048-94AE8DB721A4}.Release|Any CPU.Build.0 = Release|Any CPU
		{8F197629-5B0E-4D6B-933E-7334AC6E6DDF}.Debug|Any CPU.ActiveCfg = Debug|Any CPU
		{8F197629-5B0E-4D6B-933E-7334AC6E6DDF}.Debug|Any CPU.Build.0 = Debug|Any CPU
		{8F197629-5B0E-4D6B-933E-7334AC6E6DDF}.Release|Any CPU.ActiveCfg = Release|Any CPU
		{8F197629-5B0E-4D6B-933E-7334AC6E6DDF}.Release|Any CPU.Build.0 = Release|Any CPU
		{4B1A3A12-017D-452F-B3D1-5013FB92B1EA}.Debug|Any CPU.ActiveCfg = Debug|Any CPU
		{4B1A3A12-017D-452F-B3D1-5013FB92B1EA}.Debug|Any CPU.Build.0 = Debug|Any CPU
		{4B1A3A12-017D-452F-B3D1-5013FB92B1EA}.Release|Any CPU.ActiveCfg = Release|Any CPU
		{4B1A3A12-017D-452F-B3D1-5013FB92B1EA}.Release|Any CPU.Build.0 = Release|Any CPU
		{7714A0AC-1EEA-4509-B404-809E873D4841}.Debug|Any CPU.ActiveCfg = Debug|Any CPU
		{7714A0AC-1EEA-4509-B404-809E873D4841}.Debug|Any CPU.Build.0 = Debug|Any CPU
		{7714A0AC-1EEA-4509-B404-809E873D4841}.Release|Any CPU.ActiveCfg = Release|Any CPU
		{7714A0AC-1EEA-4509-B404-809E873D4841}.Release|Any CPU.Build.0 = Release|Any CPU
		{218DD34D-6DCE-4A5D-A1C2-30939D8AA6A9}.Debug|Any CPU.ActiveCfg = Debug|Any CPU
		{218DD34D-6DCE-4A5D-A1C2-30939D8AA6A9}.Debug|Any CPU.Build.0 = Debug|Any CPU
		{218DD34D-6DCE-4A5D-A1C2-30939D8AA6A9}.Release|Any CPU.ActiveCfg = Release|Any CPU
		{218DD34D-6DCE-4A5D-A1C2-30939D8AA6A9}.Release|Any CPU.Build.0 = Release|Any CPU
		{049BB6A9-1AD1-4A2D-82D7-F1F775E0EDD9}.Debug|Any CPU.ActiveCfg = Debug|Any CPU
		{049BB6A9-1AD1-4A2D-82D7-F1F775E0EDD9}.Debug|Any CPU.Build.0 = Debug|Any CPU
		{049BB6A9-1AD1-4A2D-82D7-F1F775E0EDD9}.Release|Any CPU.ActiveCfg = Release|Any CPU
		{049BB6A9-1AD1-4A2D-82D7-F1F775E0EDD9}.Release|Any CPU.Build.0 = Release|Any CPU
		{8EC38823-11C7-4B6F-BD27-563911F8F507}.Debug|Any CPU.ActiveCfg = Debug|Any CPU
		{8EC38823-11C7-4B6F-BD27-563911F8F507}.Debug|Any CPU.Build.0 = Debug|Any CPU
		{8EC38823-11C7-4B6F-BD27-563911F8F507}.Release|Any CPU.ActiveCfg = Release|Any CPU
		{8EC38823-11C7-4B6F-BD27-563911F8F507}.Release|Any CPU.Build.0 = Release|Any CPU
		{349D4DD1-D52D-4033-97C3-EDF6FEF5C97D}.Debug|Any CPU.ActiveCfg = Debug|Any CPU
		{349D4DD1-D52D-4033-97C3-EDF6FEF5C97D}.Debug|Any CPU.Build.0 = Debug|Any CPU
		{349D4DD1-D52D-4033-97C3-EDF6FEF5C97D}.Release|Any CPU.ActiveCfg = Release|Any CPU
		{349D4DD1-D52D-4033-97C3-EDF6FEF5C97D}.Release|Any CPU.Build.0 = Release|Any CPU
		{A5A643E2-34EC-4496-BDD9-62115ED7EFD3}.Debug|Any CPU.ActiveCfg = Debug|Any CPU
		{A5A643E2-34EC-4496-BDD9-62115ED7EFD3}.Debug|Any CPU.Build.0 = Debug|Any CPU
		{A5A643E2-34EC-4496-BDD9-62115ED7EFD3}.Release|Any CPU.ActiveCfg = Release|Any CPU
		{A5A643E2-34EC-4496-BDD9-62115ED7EFD3}.Release|Any CPU.Build.0 = Release|Any CPU
		{CF73DA48-7428-4289-B912-846E26290D9C}.Debug|Any CPU.ActiveCfg = Debug|Any CPU
		{CF73DA48-7428-4289-B912-846E26290D9C}.Debug|Any CPU.Build.0 = Debug|Any CPU
		{CF73DA48-7428-4289-B912-846E26290D9C}.Release|Any CPU.ActiveCfg = Release|Any CPU
		{CF73DA48-7428-4289-B912-846E26290D9C}.Release|Any CPU.Build.0 = Release|Any CPU
		{6AA25638-6411-47B9-B146-657C8F28FDB8}.Debug|Any CPU.ActiveCfg = Debug|Any CPU
		{6AA25638-6411-47B9-B146-657C8F28FDB8}.Debug|Any CPU.Build.0 = Debug|Any CPU
		{6AA25638-6411-47B9-B146-657C8F28FDB8}.Release|Any CPU.ActiveCfg = Release|Any CPU
		{6AA25638-6411-47B9-B146-657C8F28FDB8}.Release|Any CPU.Build.0 = Release|Any CPU
		{6FF71FDA-D4A7-417F-9CCA-73F62A2617DE}.Debug|Any CPU.ActiveCfg = Debug|Any CPU
		{6FF71FDA-D4A7-417F-9CCA-73F62A2617DE}.Debug|Any CPU.Build.0 = Debug|Any CPU
		{6FF71FDA-D4A7-417F-9CCA-73F62A2617DE}.Release|Any CPU.ActiveCfg = Release|Any CPU
		{6FF71FDA-D4A7-417F-9CCA-73F62A2617DE}.Release|Any CPU.Build.0 = Release|Any CPU
		{2E609FE8-05BF-489A-B1C2-636EB3FD49D0}.Debug|Any CPU.ActiveCfg = Debug|Any CPU
		{2E609FE8-05BF-489A-B1C2-636EB3FD49D0}.Debug|Any CPU.Build.0 = Debug|Any CPU
		{2E609FE8-05BF-489A-B1C2-636EB3FD49D0}.Release|Any CPU.ActiveCfg = Release|Any CPU
		{2E609FE8-05BF-489A-B1C2-636EB3FD49D0}.Release|Any CPU.Build.0 = Release|Any CPU
		{672AF684-24F2-47CA-AE84-3BDA31F85D6E}.Debug|Any CPU.ActiveCfg = Debug|Any CPU
		{672AF684-24F2-47CA-AE84-3BDA31F85D6E}.Debug|Any CPU.Build.0 = Debug|Any CPU
		{672AF684-24F2-47CA-AE84-3BDA31F85D6E}.Release|Any CPU.ActiveCfg = Release|Any CPU
		{672AF684-24F2-47CA-AE84-3BDA31F85D6E}.Release|Any CPU.Build.0 = Release|Any CPU
		{9F14B826-3F76-48B7-B81D-2D6D8FBD4742}.Debug|Any CPU.ActiveCfg = Debug|Any CPU
		{9F14B826-3F76-48B7-B81D-2D6D8FBD4742}.Debug|Any CPU.Build.0 = Debug|Any CPU
		{9F14B826-3F76-48B7-B81D-2D6D8FBD4742}.Release|Any CPU.ActiveCfg = Release|Any CPU
		{9F14B826-3F76-48B7-B81D-2D6D8FBD4742}.Release|Any CPU.Build.0 = Release|Any CPU
		{E7FD94AB-B87D-4A77-970A-309697A84C8D}.Debug|Any CPU.ActiveCfg = Debug|Any CPU
		{E7FD94AB-B87D-4A77-970A-309697A84C8D}.Debug|Any CPU.Build.0 = Debug|Any CPU
		{E7FD94AB-B87D-4A77-970A-309697A84C8D}.Release|Any CPU.ActiveCfg = Release|Any CPU
		{E7FD94AB-B87D-4A77-970A-309697A84C8D}.Release|Any CPU.Build.0 = Release|Any CPU
		{DBB0B285-31D3-4563-9AE9-883E089B5FD1}.Debug|Any CPU.ActiveCfg = Debug|Any CPU
		{DBB0B285-31D3-4563-9AE9-883E089B5FD1}.Debug|Any CPU.Build.0 = Debug|Any CPU
		{DBB0B285-31D3-4563-9AE9-883E089B5FD1}.Release|Any CPU.ActiveCfg = Release|Any CPU
		{DBB0B285-31D3-4563-9AE9-883E089B5FD1}.Release|Any CPU.Build.0 = Release|Any CPU
		{BC9B3B0E-74F2-4D38-9474-8551E94C9E62}.Debug|Any CPU.ActiveCfg = Debug|Any CPU
		{BC9B3B0E-74F2-4D38-9474-8551E94C9E62}.Debug|Any CPU.Build.0 = Debug|Any CPU
		{BC9B3B0E-74F2-4D38-9474-8551E94C9E62}.Release|Any CPU.ActiveCfg = Release|Any CPU
		{BC9B3B0E-74F2-4D38-9474-8551E94C9E62}.Release|Any CPU.Build.0 = Release|Any CPU
		{E2698342-5023-4AFE-9EDB-2FE2C8419492}.Debug|Any CPU.ActiveCfg = Debug|Any CPU
		{E2698342-5023-4AFE-9EDB-2FE2C8419492}.Debug|Any CPU.Build.0 = Debug|Any CPU
		{E2698342-5023-4AFE-9EDB-2FE2C8419492}.Release|Any CPU.ActiveCfg = Release|Any CPU
		{E2698342-5023-4AFE-9EDB-2FE2C8419492}.Release|Any CPU.Build.0 = Release|Any CPU
		{A83BA26E-4A0A-4E36-8F00-E7493E867983}.Debug|Any CPU.ActiveCfg = Debug|Any CPU
		{A83BA26E-4A0A-4E36-8F00-E7493E867983}.Debug|Any CPU.Build.0 = Debug|Any CPU
		{A83BA26E-4A0A-4E36-8F00-E7493E867983}.Release|Any CPU.ActiveCfg = Release|Any CPU
		{A83BA26E-4A0A-4E36-8F00-E7493E867983}.Release|Any CPU.Build.0 = Release|Any CPU
		{2BAB3F4D-976F-45FB-9039-38907845B702}.Debug|Any CPU.ActiveCfg = Debug|Any CPU
		{2BAB3F4D-976F-45FB-9039-38907845B702}.Debug|Any CPU.Build.0 = Debug|Any CPU
		{2BAB3F4D-976F-45FB-9039-38907845B702}.Release|Any CPU.ActiveCfg = Release|Any CPU
		{2BAB3F4D-976F-45FB-9039-38907845B702}.Release|Any CPU.Build.0 = Release|Any CPU
		{4ED65838-0216-4E24-AF12-BCE551968ECB}.Debug|Any CPU.ActiveCfg = Debug|Any CPU
		{4ED65838-0216-4E24-AF12-BCE551968ECB}.Debug|Any CPU.Build.0 = Debug|Any CPU
		{4ED65838-0216-4E24-AF12-BCE551968ECB}.Release|Any CPU.ActiveCfg = Release|Any CPU
		{4ED65838-0216-4E24-AF12-BCE551968ECB}.Release|Any CPU.Build.0 = Release|Any CPU
		{8B170BCE-D571-4D31-8C8B-390F13277703}.Debug|Any CPU.ActiveCfg = Debug|Any CPU
		{8B170BCE-D571-4D31-8C8B-390F13277703}.Debug|Any CPU.Build.0 = Debug|Any CPU
		{8B170BCE-D571-4D31-8C8B-390F13277703}.Release|Any CPU.ActiveCfg = Release|Any CPU
		{8B170BCE-D571-4D31-8C8B-390F13277703}.Release|Any CPU.Build.0 = Release|Any CPU
		{E4B5A4E4-18A2-4629-B000-661819059321}.Debug|Any CPU.ActiveCfg = Debug|Any CPU
		{E4B5A4E4-18A2-4629-B000-661819059321}.Debug|Any CPU.Build.0 = Debug|Any CPU
		{E4B5A4E4-18A2-4629-B000-661819059321}.Release|Any CPU.ActiveCfg = Release|Any CPU
		{E4B5A4E4-18A2-4629-B000-661819059321}.Release|Any CPU.Build.0 = Release|Any CPU
		{C243CC1C-F9A6-4E96-9EDC-B57846F48EE8}.Debug|Any CPU.ActiveCfg = Debug|Any CPU
		{C243CC1C-F9A6-4E96-9EDC-B57846F48EE8}.Debug|Any CPU.Build.0 = Debug|Any CPU
		{C243CC1C-F9A6-4E96-9EDC-B57846F48EE8}.Release|Any CPU.ActiveCfg = Release|Any CPU
		{C243CC1C-F9A6-4E96-9EDC-B57846F48EE8}.Release|Any CPU.Build.0 = Release|Any CPU
	EndGlobalSection
	GlobalSection(SolutionProperties) = preSolution
		HideSolutionNode = FALSE
	EndGlobalSection
	GlobalSection(ExtensibilityGlobals) = postSolution
		SolutionGuid = {CB5C2ED3-B1FC-4975-B327-72E91BED6BEB}
	EndGlobalSection
EndGlobal
