
Microsoft Visual Studio Solution File, Format Version 12.00
# Visual Studio Version 17
VisualStudioVersion = 17.0.31903.59
MinimumVisualStudioVersion = 10.0.40219.1
Project("{2150E333-8FDC-42A3-9474-1A3956D46DE8}") = "Misc", "Misc", "{45CFE352-A8F8-442D-B858-84A968A0F90D}"
EndProject
Project("{9A19103F-16F7-4668-BE54-9A1E7A4F7556}") = "RecordWithCalculatedProperty", "Misc\RecordWithCalculatedProperty\RecordWithCalculatedProperty.csproj", "{B5A3BBBE-D5CD-4C70-A818-456220A273C5}"
EndProject
Project("{9A19103F-16F7-4668-BE54-9A1E7A4F7556}") = "BlazorDotNet7BindAfterBug", "Misc\BlazorDotNet7BindAfterBug\BlazorDotNet7BindAfterBug.csproj", "{F417350D-487A-4529-8C6E-44FED212F730}"
EndProject
Project("{2150E333-8FDC-42A3-9474-1A3956D46DE8}") = "RawStringLiterals", "RawStringLiterals", "{3257B981-FB5E-4F97-A208-D09E57B3ECD6}"
EndProject
Project("{9A19103F-16F7-4668-BE54-9A1E7A4F7556}") = "CommentsInRawStringLiterals", "RawStringLiterals\CommentsInRawStringLiterals\CommentsInRawStringLiterals.csproj", "{4FD666D1-6CC8-43CC-94A4-1827B908F9DA}"
EndProject
Project("{2150E333-8FDC-42A3-9474-1A3956D46DE8}") = "Looping", "Looping", "{1BFDF970-F443-40FD-B762-59A3714F8733}"
EndProject
Project("{9A19103F-16F7-4668-BE54-9A1E7A4F7556}") = "FastArrayLooping", "Looping\FastArrayLooping\FastArrayLooping.csproj", "{55717F24-7F03-47A2-B43D-7B5E61F7CA80}"
EndProject
Project("{FAE04EC0-301F-11D3-BF4B-00C04F79EFBC}") = "FastListLooping", "Looping\FastListLooping\FastListLooping.csproj", "{8E10257F-7503-444A-AE3A-61F6B6C16654}"
EndProject
Global
	GlobalSection(SolutionConfigurationPlatforms) = preSolution
		Debug|Any CPU = Debug|Any CPU
		Release|Any CPU = Release|Any CPU
	EndGlobalSection
	GlobalSection(ProjectConfigurationPlatforms) = postSolution
		{B5A3BBBE-D5CD-4C70-A818-456220A273C5}.Debug|Any CPU.ActiveCfg = Debug|Any CPU
		{B5A3BBBE-D5CD-4C70-A818-456220A273C5}.Debug|Any CPU.Build.0 = Debug|Any CPU
		{B5A3BBBE-D5CD-4C70-A818-456220A273C5}.Release|Any CPU.ActiveCfg = Release|Any CPU
		{B5A3BBBE-D5CD-4C70-A818-456220A273C5}.Release|Any CPU.Build.0 = Release|Any CPU
		{F417350D-487A-4529-8C6E-44FED212F730}.Debug|Any CPU.ActiveCfg = Debug|Any CPU
		{F417350D-487A-4529-8C6E-44FED212F730}.Debug|Any CPU.Build.0 = Debug|Any CPU
		{F417350D-487A-4529-8C6E-44FED212F730}.Release|Any CPU.ActiveCfg = Release|Any CPU
		{F417350D-487A-4529-8C6E-44FED212F730}.Release|Any CPU.Build.0 = Release|Any CPU
		{4FD666D1-6CC8-43CC-94A4-1827B908F9DA}.Debug|Any CPU.ActiveCfg = Debug|Any CPU
		{4FD666D1-6CC8-43CC-94A4-1827B908F9DA}.Debug|Any CPU.Build.0 = Debug|Any CPU
		{4FD666D1-6CC8-43CC-94A4-1827B908F9DA}.Release|Any CPU.ActiveCfg = Release|Any CPU
		{4FD666D1-6CC8-43CC-94A4-1827B908F9DA}.Release|Any CPU.Build.0 = Release|Any CPU
		{55717F24-7F03-47A2-B43D-7B5E61F7CA80}.Debug|Any CPU.ActiveCfg = Debug|Any CPU
		{55717F24-7F03-47A2-B43D-7B5E61F7CA80}.Debug|Any CPU.Build.0 = Debug|Any CPU
		{55717F24-7F03-47A2-B43D-7B5E61F7CA80}.Release|Any CPU.ActiveCfg = Release|Any CPU
		{55717F24-7F03-47A2-B43D-7B5E61F7CA80}.Release|Any CPU.Build.0 = Release|Any CPU
		{8E10257F-7503-444A-AE3A-61F6B6C16654}.Debug|Any CPU.ActiveCfg = Debug|Any CPU
		{8E10257F-7503-444A-AE3A-61F6B6C16654}.Debug|Any CPU.Build.0 = Debug|Any CPU
		{8E10257F-7503-444A-AE3A-61F6B6C16654}.Release|Any CPU.ActiveCfg = Release|Any CPU
		{8E10257F-7503-444A-AE3A-61F6B6C16654}.Release|Any CPU.Build.0 = Release|Any CPU
	EndGlobalSection
	GlobalSection(SolutionProperties) = preSolution
		HideSolutionNode = FALSE
	EndGlobalSection
	GlobalSection(NestedProjects) = preSolution
		{B5A3BBBE-D5CD-4C70-A818-456220A273C5} = {45CFE352-A8F8-442D-B858-84A968A0F90D}
		{F417350D-487A-4529-8C6E-44FED212F730} = {45CFE352-A8F8-442D-B858-84A968A0F90D}
		{4FD666D1-6CC8-43CC-94A4-1827B908F9DA} = {3257B981-FB5E-4F97-A208-D09E57B3ECD6}
		{55717F24-7F03-47A2-B43D-7B5E61F7CA80} = {1BFDF970-F443-40FD-B762-59A3714F8733}
		{8E10257F-7503-444A-AE3A-61F6B6C16654} = {1BFDF970-F443-40FD-B762-59A3714F8733}
	EndGlobalSection
	GlobalSection(ExtensibilityGlobals) = postSolution
		SolutionGuid = {27F8641A-F029-4C5A-837B-C082A6BD25F2}
	EndGlobalSection
EndGlobal
